
Microsoft Visual Studio Solution File, Format Version 12.00
# Visual Studio Version 16
VisualStudioVersion = 16.0.32929.386
MinimumVisualStudioVersion = 10.0.40219.1
Project("{8BC9CEB8-8B4A-11D0-8D11-00A0C91BC942}") = "Prey-Predator", "Prey-Predator\Prey-Predator.vcxproj", "{AA90D504-03BD-4A23-B74A-C397245B78EC}"
EndProject
Global
	GlobalSection(SolutionConfigurationPlatforms) = preSolution
		Debug|x64 = Debug|x64
		Debug|x86 = Debug|x86
		Release|x64 = Release|x64
		Release|x86 = Release|x86
	EndGlobalSection
	GlobalSection(ProjectConfigurationPlatforms) = postSolution
		{AA90D504-03BD-4A23-B74A-C397245B78EC}.Debug|x64.ActiveCfg = Debug|x64
		{AA90D504-03BD-4A23-B74A-C397245B78EC}.Debug|x64.Build.0 = Debug|x64
		{AA90D504-03BD-4A23-B74A-C397245B78EC}.Debug|x86.ActiveCfg = Debug|Win32
		{AA90D504-03BD-4A23-B74A-C397245B78EC}.Debug|x86.Build.0 = Debug|Win32
		{AA90D504-03BD-4A23-B74A-C397245B78EC}.Release|x64.ActiveCfg = Release|x64
		{AA90D504-03BD-4A23-B74A-C397245B78EC}.Release|x64.Build.0 = Release|x64
		{AA90D504-03BD-4A23-B74A-C397245B78EC}.Release|x86.ActiveCfg = Release|Win32
		{AA90D504-03BD-4A23-B74A-C397245B78EC}.Release|x86.Build.0 = Release|Win32
	EndGlobalSection
	GlobalSection(SolutionProperties) = preSolution
		HideSolutionNode = FALSE
	EndGlobalSection
	GlobalSection(ExtensibilityGlobals) = postSolution
		SolutionGuid = {2ED5FA66-0E68-434B-AE07-3426F234EDA5}
	EndGlobalSection
EndGlobal
